
Microsoft Visual Studio Solution File, Format Version 12.00
# Visual Studio Version 17
VisualStudioVersion = 17.5.33516.290
MinimumVisualStudioVersion = 10.0.40219.1
Project("{FAE04EC0-301F-11D3-BF4B-00C04F79EFBC}") = "ExecuteService", "ExecuteService\ExecuteService.csproj", "{1D66C1B0-7169-4ED1-81D5-1FD5A1870FB3}"
EndProject
Global
	GlobalSection(SolutionConfigurationPlatforms) = preSolution
		Debug|Any CPU = Debug|Any CPU
		Release|Any CPU = Release|Any CPU
	EndGlobalSection
	GlobalSection(ProjectConfigurationPlatforms) = postSolution
		{1D66C1B0-7169-4ED1-81D5-1FD5A1870FB3}.Debug|Any CPU.ActiveCfg = Debug|Any CPU
		{1D66C1B0-7169-4ED1-81D5-1FD5A1870FB3}.Debug|Any CPU.Build.0 = Debug|Any CPU
		{1D66C1B0-7169-4ED1-81D5-1FD5A1870FB3}.Release|Any CPU.ActiveCfg = Release|Any CPU
		{1D66C1B0-7169-4ED1-81D5-1FD5A1870FB3}.Release|Any CPU.Build.0 = Release|Any CPU
	EndGlobalSection
	GlobalSection(SolutionProperties) = preSolution
		HideSolutionNode = FALSE
	EndGlobalSection
	GlobalSection(ExtensibilityGlobals) = postSolution
		SolutionGuid = {58EDB451-9EA0-4F14-A3FD-FBA8A15E2264}
	EndGlobalSection
EndGlobal
